{
  "version": 4,
  "terraform_version": "1.1.9",
  "serial": 22,
  "lineage": "3a266c6f-864b-f9dd-2240-e2b02ddc95aa",
  "outputs": {
    "access_key": {
      "value": "YCAJEFaSBHqidht4fYeP5QQ1r",
      "type": "string",
      "sensitive": true
    },
    "external_ip_address_vm_1": {
      "value": "",
      "type": "string"
    },
    "internal_ip_address_vm_1": {
      "value": "192.168.10.24",
      "type": "string"
    },
    "secret_key": {
      "value": "YCPgpq8M6KS2Tq1U4GbH2V4az2kOijeJ1OIf-awF",
      "type": "string",
      "sensitive": true
    }
  },
  "resources": [
    {
      "mode": "data",
      "type": "yandex_compute_image",
      "name": "my_image1",
      "provider": "provider[\"registry.terraform.io/yandex-cloud/yandex\"]",
      "instances": [
        {
          "schema_version": 0,
          "attributes": {
            "created_at": "2022-04-25T10:40:31Z",
            "description": "LEMP",
            "family": "lemp",
            "folder_id": "standard-images",
            "id": "fd8hcc4o6m93b3k6m43h",
            "image_id": "fd8hcc4o6m93b3k6m43h",
            "labels": {},
            "min_disk_size": 3,
            "name": "lemp-v20220425",
            "os_type": "linux",
            "pooled": true,
            "product_ids": [
              "f2e31qo50k2rvcrb7s3a",
              "f2e3o481vuk713l4t0jm"
            ],
            "size": 2,
            "status": "ready"
          },
          "sensitive_attributes": []
        }
      ]
    },
    {
      "mode": "data",
      "type": "yandex_compute_image",
      "name": "my_image2",
      "provider": "provider[\"registry.terraform.io/yandex-cloud/yandex\"]",
      "instances": [
        {
          "schema_version": 0,
          "attributes": {
            "created_at": "2022-04-29T12:11:28Z",
            "description": "LAMP",
            "family": "lamp",
            "folder_id": "standard-images",
            "id": "fd8uton16qa3tauljqed",
            "image_id": "fd8uton16qa3tauljqed",
            "labels": {},
            "min_disk_size": 3,
            "name": "lamp-v20220429a",
            "os_type": "linux",
            "pooled": true,
            "product_ids": [
              "f2e9u3b3bivkobobvtuk",
              "f2eqvua2u0vgp477j1k2"
            ],
            "size": 2,
            "status": "ready"
          },
          "sensitive_attributes": []
        }
      ]
    },
    {
      "mode": "data",
      "type": "yandex_vpc_subnet",
      "name": "my_subnet2",
      "provider": "provider[\"registry.terraform.io/yandex-cloud/yandex\"]",
      "instances": [
        {
          "schema_version": 0,
          "attributes": {
            "created_at": "2022-04-29T17:02:19Z",
            "description": "",
            "dhcp_options": [],
            "folder_id": "b1g9s4jj2tbhcfouv230",
            "id": "e2lgff71jdop4170i1ce",
            "labels": {},
            "name": "subnet2",
            "network_id": "enp75f3g12fsij528ur0",
            "route_table_id": "",
            "subnet_id": "e2lgff71jdop4170i1ce",
            "v4_cidr_blocks": [
              "192.168.11.0/24"
            ],
            "v6_cidr_blocks": [],
            "zone": "ru-central1-b"
          },
          "sensitive_attributes": []
        }
      ]
    },
    {
      "mode": "managed",
      "type": "yandex_compute_instance",
      "name": "vm1",
      "provider": "provider[\"registry.terraform.io/yandex-cloud/yandex\"]",
      "instances": [
        {
          "schema_version": 1,
          "attributes": {
            "allow_recreate": null,
            "allow_stopping_for_update": null,
            "boot_disk": [
              {
                "auto_delete": true,
                "device_name": "fhm750dpspla9vcotukk",
                "disk_id": "fhm750dpspla9vcotukk",
                "initialize_params": [
                  {
                    "block_size": 4096,
                    "description": "",
                    "image_id": "fd8hcc4o6m93b3k6m43h",
                    "name": "",
                    "size": 3,
                    "snapshot_id": "",
                    "type": "network-hdd"
                  }
                ],
                "mode": "READ_WRITE"
              }
            ],
            "created_at": "2022-04-29T17:02:21Z",
            "description": "",
            "folder_id": "b1g9s4jj2tbhcfouv230",
            "fqdn": "fhmj7jo8ns8gm5isvha1.auto.internal",
            "hostname": "fhmj7jo8ns8gm5isvha1",
            "id": "fhmj7jo8ns8gm5isvha1",
            "labels": {},
            "metadata": {
              "user-data": "#cloud-config\nusers:\n  - name: test1234\n    groups: sudo\n    shell: /bin/bash\n    sudo: ['ALL=(ALL) NOPASSWD:ALL']\n    ssh-authorized-keys:\n      - ssh-rsa AAAAB3NzaC1yc2EAAAADAQABAAABAQC95GRrC0NRm/ocGk9is2ifQAJFhTDytSHh8i9Mb0o9WGGuMBtaR39yTMB4SXoXw9GyfRMRsuWtb8NZDzc/OyzOIOQc8UZwPm2wbjOo48YhrZssNBT1KpJl+dj18MoDgDY7wpNfn2Lypdbrpw55gKipXTjgafT6XNq1/+a21iDHXkFV7AzyXJvN40zKM2hIvYPr7S19bLzmUBLcAf/pPIS0pD6AJtT4hNivrXAvdVeRD7K0bxdYNI8lzzYNYpk1lzolhnkAmgS+adhBRbhdwB0serWLxVs3/gttghakXTBhzRyGtaLw9zyMy42rU/Wh6MkOor98CBU9jllSdMMz5O8N alex@alex-VirtualBox\n"
            },
            "name": "terraform-1",
            "network_acceleration_type": "standard",
            "network_interface": [
              {
                "dns_record": [],
                "index": 0,
                "ip_address": "192.168.10.24",
                "ipv4": true,
                "ipv6": false,
                "ipv6_address": "",
                "ipv6_dns_record": [],
                "mac_address": "d0:0d:13:3c:f0:8b",
                "nat": true,
                "nat_dns_record": [],
                "nat_ip_address": "",
                "nat_ip_version": "IPV4",
                "security_group_ids": [],
                "subnet_id": "e9bbv02v47bu4tbt9c01"
              }
            ],
            "placement_policy": [
              {
                "host_affinity_rules": [],
                "placement_group_id": ""
              }
            ],
            "platform_id": "standard-v1",
            "resources": [
              {
                "core_fraction": 100,
                "cores": 2,
                "gpus": 0,
                "memory": 2
              }
            ],
            "scheduling_policy": [
              {
                "preemptible": false
              }
            ],
            "secondary_disk": [],
            "service_account_id": "",
            "status": "stopped",
            "timeouts": null,
            "zone": "ru-central1-a"
          },
          "sensitive_attributes": [],
          "private": "eyJlMmJmYjczMC1lY2FhLTExZTYtOGY4OC0zNDM2M2JjN2M0YzAiOnsiY3JlYXRlIjozMDAwMDAwMDAwMDAsImRlbGV0ZSI6MzAwMDAwMDAwMDAwLCJ1cGRhdGUiOjMwMDAwMDAwMDAwMH0sInNjaGVtYV92ZXJzaW9uIjoiMSJ9",
          "dependencies": [
            "data.yandex_compute_image.my_image1",
            "yandex_vpc_network.network",
            "yandex_vpc_subnet.subnet1"
          ]
        }
      ]
    },
    {
      "mode": "managed",
      "type": "yandex_iam_service_account",
      "name": "sa",
      "provider": "provider[\"registry.terraform.io/yandex-cloud/yandex\"]",
      "instances": [
        {
          "schema_version": 0,
          "attributes": {
            "created_at": "2022-04-29T17:16:27Z",
            "description": "",
            "folder_id": "b1g9s4jj2tbhcfouv230",
            "id": "ajedpdu1l98p5ea8jiqf",
            "name": "sa-skillfactory",
            "timeouts": null
          },
          "sensitive_attributes": [],
          "private": "eyJlMmJmYjczMC1lY2FhLTExZTYtOGY4OC0zNDM2M2JjN2M0YzAiOnsiY3JlYXRlIjo2MDAwMDAwMDAwMCwiZGVsZXRlIjo2MDAwMDAwMDAwMCwidXBkYXRlIjo2MDAwMDAwMDAwMH19"
        }
      ]
    },
    {
      "mode": "managed",
      "type": "yandex_iam_service_account_static_access_key",
      "name": "sa-static-key",
      "provider": "provider[\"registry.terraform.io/yandex-cloud/yandex\"]",
      "instances": [
        {
          "schema_version": 0,
          "attributes": {
            "access_key": "YCAJEFaSBHqidht4fYeP5QQ1r",
            "created_at": "2022-04-29T17:16:28Z",
            "description": "static access key for object storage",
            "encrypted_secret_key": null,
            "id": "ajenilckstamgbdfu46p",
            "key_fingerprint": null,
            "pgp_key": null,
            "secret_key": "YCPgpq8M6KS2Tq1U4GbH2V4az2kOijeJ1OIf-awF",
            "service_account_id": "ajedpdu1l98p5ea8jiqf"
          },
          "sensitive_attributes": [],
          "private": "bnVsbA==",
          "dependencies": [
            "yandex_iam_service_account.sa"
          ]
        }
      ]
    },
    {
      "mode": "managed",
      "type": "yandex_resourcemanager_folder_iam_member",
      "name": "sa-editor",
      "provider": "provider[\"registry.terraform.io/yandex-cloud/yandex\"]",
      "instances": [
        {
          "schema_version": 0,
          "attributes": {
            "folder_id": "b1g9s4jj2tbhcfouv230",
            "id": "b1g9s4jj2tbhcfouv230/storage.editor/serviceAccount:ajedpdu1l98p5ea8jiqf",
            "member": "serviceAccount:ajedpdu1l98p5ea8jiqf",
            "role": "storage.editor",
            "sleep_after": null
          },
          "sensitive_attributes": [],
          "private": "bnVsbA==",
          "dependencies": [
            "yandex_iam_service_account.sa"
          ]
        }
      ]
    },
    {
      "mode": "managed",
      "type": "yandex_storage_bucket",
      "name": "state",
      "provider": "provider[\"registry.terraform.io/yandex-cloud/yandex\"]",
      "instances": [
        {
          "status": "tainted",
          "schema_version": 0,
          "attributes": {
            "access_key": "YCAJEFaSBHqidht4fYeP5QQ1r",
            "acl": "private",
            "bucket": "tf-state-bucket",
            "bucket_domain_name": "tf-state-bucket.storage.yandexcloud.net",
            "bucket_prefix": null,
            "cors_rule": [],
            "force_destroy": false,
            "grant": [],
            "id": "tf-state-bucket",
            "lifecycle_rule": [],
            "logging": [],
            "policy": null,
            "secret_key": "YCPgpq8M6KS2Tq1U4GbH2V4az2kOijeJ1OIf-awF",
            "server_side_encryption_configuration": [],
            "versioning": null,
            "website": [],
            "website_domain": null,
            "website_endpoint": null
          },
          "sensitive_attributes": [
            [
              {
                "type": "get_attr",
                "value": "secret_key"
              }
            ]
          ],
          "private": "bnVsbA==",
          "dependencies": [
            "yandex_iam_service_account.sa",
            "yandex_iam_service_account_static_access_key.sa-static-key"
          ]
        }
      ]
    },
    {
      "mode": "managed",
      "type": "yandex_vpc_network",
      "name": "network",
      "provider": "provider[\"registry.terraform.io/yandex-cloud/yandex\"]",
      "instances": [
        {
          "schema_version": 0,
          "attributes": {
            "created_at": "2022-04-29T17:02:17Z",
            "default_security_group_id": "",
            "description": "",
            "folder_id": "b1g9s4jj2tbhcfouv230",
            "id": "enp75f3g12fsij528ur0",
            "labels": {},
            "name": "network-test",
            "subnet_ids": [
              "e2lgff71jdop4170i1ce",
              "e9bbv02v47bu4tbt9c01"
            ],
            "timeouts": null
          },
          "sensitive_attributes": [],
          "private": "eyJlMmJmYjczMC1lY2FhLTExZTYtOGY4OC0zNDM2M2JjN2M0YzAiOnsiY3JlYXRlIjo2MDAwMDAwMDAwMCwiZGVsZXRlIjo2MDAwMDAwMDAwMCwidXBkYXRlIjo2MDAwMDAwMDAwMH19"
        }
      ]
    },
    {
      "mode": "managed",
      "type": "yandex_vpc_subnet",
      "name": "subnet1",
      "provider": "provider[\"registry.terraform.io/yandex-cloud/yandex\"]",
      "instances": [
        {
          "schema_version": 0,
          "attributes": {
            "created_at": "2022-04-29T17:02:18Z",
            "description": "",
            "dhcp_options": [],
            "folder_id": "b1g9s4jj2tbhcfouv230",
            "id": "e9bbv02v47bu4tbt9c01",
            "labels": {},
            "name": "subnet1",
            "network_id": "enp75f3g12fsij528ur0",
            "route_table_id": "",
            "timeouts": null,
            "v4_cidr_blocks": [
              "192.168.10.0/24"
            ],
            "v6_cidr_blocks": [],
            "zone": "ru-central1-a"
          },
          "sensitive_attributes": [],
          "private": "eyJlMmJmYjczMC1lY2FhLTExZTYtOGY4OC0zNDM2M2JjN2M0YzAiOnsiY3JlYXRlIjoxODAwMDAwMDAwMDAsImRlbGV0ZSI6MTgwMDAwMDAwMDAwLCJ1cGRhdGUiOjE4MDAwMDAwMDAwMH19",
          "dependencies": [
            "yandex_vpc_network.network"
          ]
        }
      ]
    },
    {
      "mode": "managed",
      "type": "yandex_vpc_subnet",
      "name": "subnet2",
      "provider": "provider[\"registry.terraform.io/yandex-cloud/yandex\"]",
      "instances": [
        {
          "schema_version": 0,
          "attributes": {
            "created_at": "2022-04-29T17:02:19Z",
            "description": "",
            "dhcp_options": [],
            "folder_id": "b1g9s4jj2tbhcfouv230",
            "id": "e2lgff71jdop4170i1ce",
            "labels": {},
            "name": "subnet2",
            "network_id": "enp75f3g12fsij528ur0",
            "route_table_id": "",
            "timeouts": null,
            "v4_cidr_blocks": [
              "192.168.11.0/24"
            ],
            "v6_cidr_blocks": [],
            "zone": "ru-central1-b"
          },
          "sensitive_attributes": [],
          "private": "eyJlMmJmYjczMC1lY2FhLTExZTYtOGY4OC0zNDM2M2JjN2M0YzAiOnsiY3JlYXRlIjoxODAwMDAwMDAwMDAsImRlbGV0ZSI6MTgwMDAwMDAwMDAwLCJ1cGRhdGUiOjE4MDAwMDAwMDAwMH19",
          "dependencies": [
            "yandex_vpc_network.network"
          ]
        }
      ]
    }
  ]
}
